
Microsoft Visual Studio Solution File, Format Version 12.00
# Visual Studio Version 17
VisualStudioVersion = 17.8.34330.188
MinimumVisualStudioVersion = 10.0.40219.1
Project("{2150E333-8FDC-42A3-9474-1A3956D46DE8}") = "src", "src", "{C05FBE0F-216F-4B0D-BEA6-3699B4ABDD96}"
EndProject
Project("{FAE04EC0-301F-11D3-BF4B-00C04F79EFBC}") = "TaskManagementAPI", "src\TaskManagementAPI\TaskManagementAPI.csproj", "{07535D8B-D30C-489B-9F73-A05159F1637F}"
EndProject
Global
	GlobalSection(SolutionConfigurationPlatforms) = preSolution
		Debug|Any CPU = Debug|Any CPU
		Release|Any CPU = Release|Any CPU
	EndGlobalSection
	GlobalSection(ProjectConfigurationPlatforms) = postSolution
		{07535D8B-D30C-489B-9F73-A05159F1637F}.Debug|Any CPU.ActiveCfg = Debug|Any CPU
		{07535D8B-D30C-489B-9F73-A05159F1637F}.Debug|Any CPU.Build.0 = Debug|Any CPU
		{07535D8B-D30C-489B-9F73-A05159F1637F}.Release|Any CPU.ActiveCfg = Release|Any CPU
		{07535D8B-D30C-489B-9F73-A05159F1637F}.Release|Any CPU.Build.0 = Release|Any CPU
	EndGlobalSection
	GlobalSection(SolutionProperties) = preSolution
		HideSolutionNode = FALSE
	EndGlobalSection
	GlobalSection(NestedProjects) = preSolution
		{07535D8B-D30C-489B-9F73-A05159F1637F} = {C05FBE0F-216F-4B0D-BEA6-3699B4ABDD96}
	EndGlobalSection
	GlobalSection(ExtensibilityGlobals) = postSolution
		SolutionGuid = {05CC2C7A-6DDA-4DC5-BEBD-F5AB094740D5}
	EndGlobalSection
EndGlobal
